<?xml version="1.0" encoding="utf-8"?>
<Project ToolsVersion="4.0" xmlns="http://schemas.microsoft.com/developer/msbuild/2003">
  <ItemGroup>
    <ClCompile Include="Source\Engine\Resource\IResource.cpp" />
    <ClCompile Include="Main.cpp" />
    <ClCompile Include="Source\Engine\Core\Debug.cpp" />
    <ClCompile Include="Source\Engine\Core\GameApp.cpp" />
    <ClCompile Include="Source\Engine\Input\InputManager.cpp" />
    <ClCompile Include="Source\Engine\Resource\ResourceManager.cpp" />
    <ClCompile Include="Source\Engine\Renderer\Renderer.cpp" />
    <ClCompile Include="Source\Engine\Windows\Window.cpp" />
    <ClCompile Include="Source\Engine\Scene\SceneManager.cpp" />
    <ClCompile Include="Source\Engine\Object\GameObject.cpp" />
    <ClCompile Include="Source\Engine\Scene\Scene.cpp" />
    <ClCompile Include="Source\Engine\Components\Component.cpp" />
    <ClCompile Include="Source\Game\Scenes\SampleScene.cpp" />
    <ClCompile Include="Source\Engine\Core\GameTimer.cpp" />
  </ItemGroup>
  <ItemGroup>
    <ClInclude Include="Source\Engine\Input\InputCode.h" />
    <ClInclude Include="Source\Engine\Input\InputManager.h" />
    <ClInclude Include="Source\Engine\Resource\ResourceManager.h" />
    <ClInclude Include="Source\Engine\Renderer\Renderer.h" />
    <ClInclude Include="Source\Engine\Windows\Window.h" />
    <ClInclude Include="Source\Engine\Core\Debug.h" />
    <ClInclude Include="Source\Engine\Core\GameApp.h" />
    <ClInclude Include="Source\Engine\Renderer\IRenderable.h" />
    <ClInclude Include="Source\Engine\Renderer\D2DBitmapInfo.h" />
    <ClInclude Include="Source\Engine\Renderer\DxHeaders.h" />
    <ClInclude Include="Source\Engine\Renderer\WICInitializer.h" />
    <ClInclude Include="Source\Engine\Scene\SceneManager.h" />
    <ClInclude Include="Source\Engine\Scene\Scene.h" />
    <ClInclude Include="Source\Engine\Object\GameObject.h" />
    <ClInclude Include="Source\Engine\Components\Component.h" />
    <ClInclude Include="Source\Game\Scenes\SampleScene.h" />
    <ClInclude Include="Source\Engine\Core\GameTimer.h" />
  </ItemGroup>
</Project>