<?xml version="1.0" encoding="utf-8"?>
<Project ToolsVersion="4.0" xmlns="http://schemas.microsoft.com/developer/msbuild/2003">
  <ItemGroup>
    <ClCompile Include="Source\Engine\Resource\IResource.h" />
    <ClCompile Include="Main.cpp" />
    <ClCompile Include="Source\Engine\Core\Debug.cpp" />
    <ClCompile Include="Source\Engine\Core\GameApp.cpp" />
    <ClCompile Include="Source\Engine\Input\InputManager.cpp" />
    <ClCompile Include="Source\Engine\Resource\ResourceManager.cpp" />
    <ClCompile Include="Source\Engine\Renderer\Renderer.cpp" />
    <ClCompile Include="Source\Engine\Windows\Window.cpp" />
    <ClCompile Include="Source\Engine\Scene\SceneManager.cpp" />
    <ClCompile Include="Source\Engine\Object\GameObject.cpp" />
    <ClCompile Include="Source\Engine\Scene\Scene.cpp" />
    <ClCompile Include="Source\Engine\Components\Component.cpp" />
    <ClCompile Include="Source\Engine\Core\GameTimer.cpp" />
    <ClCompile Include="Source\Engine\Components\Transform.cpp" />
    <ClCompile Include="Source\Engine\Components\Script.h" />
    <ClCompile Include="Source\Game\Scripts\SampleScript.h" />
    <ClCompile Include="Source\Game\Scripts\SampleScript.cpp" />
    <ClCompile Include="Source\Engine\Components\SpriteRenderer.cpp" />
    <ClCompile Include="Source\Engine\Components\Collider\Collider.h" />
    <ClCompile Include="Source\Engine\Components\Collider\Collider.cpp" />
    <ClCompile Include="Source\Engine\Components\Collider\BoxCollider.cpp" />
    <ClCompile Include="Source\Engine\Components\Collider\CircleCollider.cpp" />
    <ClCompile Include="Source\Engine\Physics\Collision.cpp" />
    <ClCompile Include="Source\Engine\Math\Math.h" />
    <ClCompile Include="Source\Engine\Resource\TextureResource.cpp" />
    <ClCompile Include="Source\Engine\Components\LineRenderer.cpp" />
    <ClCompile Include="Source\Engine\Components\TextRenderer.cpp" />
    <ClCompile Include="Source\Engine\Resource\TextResource.cpp" />
    <ClCompile Include="Source\Engine\Renderer\Color.cpp" />
    <ClCompile Include="Source\Engine\Components\BlockMap\BlockMap.cpp" />
    <ClCompile Include="Source\Engine\Math\Int3.h" />
    <ClCompile Include="Source\Engine\Math\Degree.h" />
    <ClCompile Include="Source\Engine\Components\BlockMap\BlockMapRenderer.cpp" />
    <ClCompile Include="Source\Game\Scenes\BlockMapTestScene.cpp" />
    <ClCompile Include="Source\Game\Scripts\PlayerController.cpp" />
    <ClCompile Include="Source\Game\Scripts\BlockMapTest.cpp" />
    <ClCompile Include="Source\Game\Scenes\SampleScene.cpp" />
    <ClCompile Include="Source\Game\Prefabs\playerPrefab.cpp" />
    <ClCompile Include="Source\Game\Prefabs\BlockMapPrefab.cpp" />
    <ClCompile Include="Source\Engine\Prefab\PrefabFactory.h" />
    <ClCompile Include="Source\Engine\Components\Script.cpp" />
  </ItemGroup>
  <ItemGroup>
    <ClInclude Include="Source\Engine\Input\InputCode.h" />
    <ClInclude Include="Source\Engine\Input\InputManager.h" />
    <ClInclude Include="Source\Engine\Resource\ResourceManager.h" />
    <ClInclude Include="Source\Engine\Renderer\Renderer.h" />
    <ClInclude Include="Source\Engine\Windows\Window.h" />
    <ClInclude Include="Source\Engine\Core\Debug.h" />
    <ClInclude Include="Source\Engine\Core\GameApp.h" />
    <ClInclude Include="Source\Engine\Renderer\IRenderable.h" />
    <ClInclude Include="Source\Engine\Renderer\D2DBitmapInfo.h" />
    <ClInclude Include="Source\Engine\Renderer\DxHeaders.h" />
    <ClInclude Include="Source\Engine\Scene\SceneManager.h" />
    <ClInclude Include="Source\Engine\Scene\Scene.h" />
    <ClInclude Include="Source\Engine\Object\GameObject.h" />
    <ClInclude Include="Source\Engine\Components\Component.h" />
    <ClInclude Include="Source\Engine\Core\GameTimer.h" />
    <ClInclude Include="Source\Engine\Components\Transform.h" />
    <ClInclude Include="Source\Engine\Math\Vector.h" />
    <ClInclude Include="Source\Engine\Components\SpriteRenderer.h" />
    <ClInclude Include="Source\Engine\Components\Collider\CircleCollider.h" />
    <ClInclude Include="Source\Engine\Components\Collider\BoxCollider.h" />
    <ClInclude Include="Source\Engine\Physics\Collision.h" />
    <ClInclude Include="Source\Engine\Resource\TextureResource.h" />
    <ClInclude Include="Source\Engine\Components\LineRenderer.h" />
    <ClInclude Include="Source\Engine\Renderer\Color.h" />
    <ClInclude Include="Source\Engine\Components\TextRenderer.h" />
    <ClInclude Include="Source\Engine\Resource\TextResource.h" />
    <ClInclude Include="Source\Engine\Renderer\RenderCommand.h" />
    <ClInclude Include="Source\Engine\Components\BlockMap\BlockMap.h" />
    <ClInclude Include="Source\Engine\Components\BlockMap\BlockMapRenderer.h" />
    <ClInclude Include="Source\Game\Scenes\BlockMapTestScene.h" />
    <ClInclude Include="Source\Engine\Core\Layer.h" />
    <ClInclude Include="Source\Game\Scripts\PlayerController.h" />
    <ClInclude Include="Source\Game\Scripts\BlockMapTest.h" />
    <ClInclude Include="Source\Game\Scenes\SampleScene.h" />
    <ClInclude Include="Source\Engine\Components\BlockMap\PerlinNoise2D.h" />
    <ClInclude Include="Source\Engine\Prefab\Prefab.h" />
    <ClInclude Include="Source\Game\Prefabs\PlayerPrefab.h" />
    <ClInclude Include="Source\Game\Prefabs\BlockMapPrefab.h" />
    <ClInclude Include="Source\Engine\Core\GameContext.h" />
  </ItemGroup>
</Project>